PODS:
  - Capacitor (5.7.8):
    - CapacitorCordova
  - CapacitorCordova (5.7.8)
  - CapacitorSplashScreen (5.0.8):
    - Capacitor
  - OpenforgeCapacitorGameConnect (5.0.2):
    - Capacitor

DEPENDENCIES:
  - "Capacitor (from `../../node_modules/@capacitor/ios`)"
  - "CapacitorCordova (from `../../node_modules/@capacitor/ios`)"
  - "CapacitorSplashScreen (from `../../node_modules/@capacitor/splash-screen`)"
  - "OpenforgeCapacitorGameConnect (from `../../node_modules/@openforge/capacitor-game-connect`)"

EXTERNAL SOURCES:
  Capacitor:
    :path: "../../node_modules/@capacitor/ios"
  CapacitorCordova:
    :path: "../../node_modules/@capacitor/ios"
  CapacitorSplashScreen:
    :path: "../../node_modules/@capacitor/splash-screen"
  OpenforgeCapacitorGameConnect:
    :path: "../../node_modules/@openforge/capacitor-game-connect"

SPEC CHECKSUMS:
  Capacitor: 9686e5711b48a1aa84671ede795d0175848abcba
  CapacitorCordova: 31ab98dca2ddcee051027a1afe7e8c85c82f7297
  CapacitorSplashScreen: 0b962a2bee014151569dc59b089ba0e93daeeaf0
  OpenforgeCapacitorGameConnect: f964863580b3478b8c5c758e3dc1be503e7f6013

PODFILE CHECKSUM: c41e9f63c1ae95e7ed651ad1bd32df4fe29eab62

COCOAPODS: 1.16.2
